
Microsoft Visual Studio Solution File, Format Version 12.00
# Visual Studio 14
VisualStudioVersion = 14.0.25420.1
MinimumVisualStudioVersion = 10.0.40219.1
Project("{FAE04EC0-301F-11D3-BF4B-00C04F79EFBC}") = "Toolfactory.Dgml", "DgmlWriter\Toolfactory.Dgml.csproj", "{3D2DF8C2-71E6-403B-96D1-E3000FE973AA}"
EndProject
Project("{FAE04EC0-301F-11D3-BF4B-00C04F79EFBC}") = "NuspecReader", "NuspecReader\NuspecReader.csproj", "{7896EA85-D8E6-4B4B-BCFD-31485AE7BAA2}"
EndProject
Project("{FAE04EC0-301F-11D3-BF4B-00C04F79EFBC}") = "NuspecGraph", "NuspecGraph\NuspecGraph.csproj", "{0B0AE657-0FD0-44BC-BDF1-83571E999A8D}"
EndProject
Global
	GlobalSection(SolutionConfigurationPlatforms) = preSolution
		Debug|Any CPU = Debug|Any CPU
		Release|Any CPU = Release|Any CPU
	EndGlobalSection
	GlobalSection(ProjectConfigurationPlatforms) = postSolution
		{3D2DF8C2-71E6-403B-96D1-E3000FE973AA}.Debug|Any CPU.ActiveCfg = Debug|Any CPU
		{3D2DF8C2-71E6-403B-96D1-E3000FE973AA}.Debug|Any CPU.Build.0 = Debug|Any CPU
		{3D2DF8C2-71E6-403B-96D1-E3000FE973AA}.Release|Any CPU.ActiveCfg = Release|Any CPU
		{3D2DF8C2-71E6-403B-96D1-E3000FE973AA}.Release|Any CPU.Build.0 = Release|Any CPU
		{7896EA85-D8E6-4B4B-BCFD-31485AE7BAA2}.Debug|Any CPU.ActiveCfg = Debug|Any CPU
		{7896EA85-D8E6-4B4B-BCFD-31485AE7BAA2}.Debug|Any CPU.Build.0 = Debug|Any CPU
		{7896EA85-D8E6-4B4B-BCFD-31485AE7BAA2}.Release|Any CPU.ActiveCfg = Release|Any CPU
		{7896EA85-D8E6-4B4B-BCFD-31485AE7BAA2}.Release|Any CPU.Build.0 = Release|Any CPU
		{0B0AE657-0FD0-44BC-BDF1-83571E999A8D}.Debug|Any CPU.ActiveCfg = Debug|Any CPU
		{0B0AE657-0FD0-44BC-BDF1-83571E999A8D}.Debug|Any CPU.Build.0 = Debug|Any CPU
		{0B0AE657-0FD0-44BC-BDF1-83571E999A8D}.Release|Any CPU.ActiveCfg = Release|Any CPU
		{0B0AE657-0FD0-44BC-BDF1-83571E999A8D}.Release|Any CPU.Build.0 = Release|Any CPU
	EndGlobalSection
	GlobalSection(SolutionProperties) = preSolution
		HideSolutionNode = FALSE
	EndGlobalSection
EndGlobal
